GEM
  remote: https://rubygems.org/
  specs:
    base64 (0.3.0)
    cgi (0.5.2)
    connection_pool (3.0.2)
    drb (2.2.3)
    minitest (6.0.6)
      drb (~> 2.0)
      prism (~> 1.5)
    openai (0.74.0)
      base64
      cgi
      connection_pool
    prism (1.9.0)

PLATFORMS
  arm64-darwin-24
  ruby

DEPENDENCIES
  minitest (>= 5)
  openai (>= 0.49, < 1.0)

CHECKSUMS
  base64 (0.3.0) sha256=27337aeabad6ffae05c265c450490628ef3ebd4b67be58257393227588f5a97b
  bundler (4.0.12) sha256=7f8b757d28dfb636e7b24fba2344ac6dd13b5b24f4b46d62573d483f211825ac
  cgi (0.5.2) sha256=61ca30298171190fd4fa0d8018e57ada456eae9b7a2b78526debf7f0a0e6f8bb
  connection_pool (3.0.2) sha256=33fff5ba71a12d2aa26cb72b1db8bba2a1a01823559fb01d29eb74c286e62e0a
  drb (2.2.3) sha256=0b00d6fdb50995fe4a45dea13663493c841112e4068656854646f418fda13373
  minitest (6.0.6) sha256=153ea36d1d987a62942382b61075745042a2b3123b1cd48f4c3675af9cc7d6f1
  openai (0.74.0) sha256=adce8a94186213be70d337688eaaf2986a98939554e241edb1b220e01fbe6c55
  prism (1.9.0) sha256=7b530c6a9f92c24300014919c9dcbc055bf4cdf51ec30aed099b06cd6674ef85

BUNDLED WITH
  4.0.12
